// !$*UTF8*$!
{
	archiveVersion = 1;
	classes = {
	};
	objectVersion = 46;
	objects = {

/* Begin PBXBuildFile section */
		CED98BE019841FE200BDA725 /* Foundation.framework in Frameworks */ = {isa = PBXBuildFile; fileRef = CED98BDF19841FE200BDA725 /* Foundation.framework */; };
		CED98BE219841FE200BDA725 /* CoreGraphics.framework in Frameworks */ = {isa = PBXBuildFile; fileRef = CED98BE119841FE200BDA725 /* CoreGraphics.framework */; };
		CED98BE419841FE200BDA725 /* UIKit.framework in Frameworks */ = {isa = PBXBuildFile; fileRef = CED98BE319841FE200BDA725 /* UIKit.framework */; };
		CED98BEA19841FE200BDA725 /* InfoPlist.strings in Resources */ = {isa = PBXBuildFile; fileRef = CED98BE819841FE200BDA725 /* InfoPlist.strings */; };
		CED98BEC19841FE200BDA725 /* main.m in Sources */ = {isa = PBXBuildFile; fileRef = CED98BEB19841FE200BDA725 /* main.m */; };
		CED98BF019841FE200BDA725 /* APAppDelegate.m in Sources */ = {isa = PBXBuildFile; fileRef = CED98BEF19841FE200BDA725 /* APAppDelegate.m */; };
		CED98BF319841FE200BDA725 /* Main.storyboard in Resources */ = {isa = PBXBuildFile; fileRef = CED98BF119841FE200BDA725 /* Main.storyboard */; };
		CED98BF619841FE200BDA725 /* APViewController.m in Sources */ = {isa = PBXBuildFile; fileRef = CED98BF519841FE200BDA725 /* APViewController.m */; };
		CED98BF819841FE200BDA725 /* Images.xcassets in Resources */ = {isa = PBXBuildFile; fileRef = CED98BF719841FE200BDA725 /* Images.xcassets */; };
		CED98BFF19841FE300BDA725 /* XCTest.framework in Frameworks */ = {isa = PBXBuildFile; fileRef = CED98BFE19841FE300BDA725 /* XCTest.framework */; };
		CED98C0019841FE300BDA725 /* Foundation.framework in Frameworks */ = {isa = PBXBuildFile; fileRef = CED98BDF19841FE200BDA725 /* Foundation.framework */; };
		CED98C0119841FE300BDA725 /* UIKit.framework in Frameworks */ = {isa = PBXBuildFile; fileRef = CED98BE319841FE200BDA725 /* UIKit.framework */; };
		CED98C0919841FE300BDA725 /* InfoPlist.strings in Resources */ = {isa = PBXBuildFile; fileRef = CED98C0719841FE300BDA725 /* InfoPlist.strings */; };
		CED98C0B19841FE400BDA725 /* AppTestTests.m in Sources */ = {isa = PBXBuildFile; fileRef = CED98C0A19841FE400BDA725 /* AppTestTests.m */; };
		CED98C16198423F600BDA725 /* APMainMenuViewController.m in Sources */ = {isa = PBXBuildFile; fileRef = CED98C15198423F600BDA725 /* APMainMenuViewController.m */; };
		CED98C191984241E00BDA725 /* APFacebookFriendsTableViewController.m in Sources */ = {isa = PBXBuildFile; fileRef = CED98C181984241E00BDA725 /* APFacebookFriendsTableViewController.m */; };
		CED98C1C198433AC00BDA725 /* APServerPingViewController.m in Sources */ = {isa = PBXBuildFile; fileRef = CED98C1B198433AC00BDA725 /* APServerPingViewController.m */; };
		CED98C1F198433D900BDA725 /* APAnimationTestViewController.m in Sources */ = {isa = PBXBuildFile; fileRef = CED98C1E198433D900BDA725 /* APAnimationTestViewController.m */; };
/* End PBXBuildFile section */

/* Begin PBXContainerItemProxy section */
		CED98C0219841FE300BDA725 /* PBXContainerItemProxy */ = {
			isa = PBXContainerItemProxy;
			containerPortal = CED98BD419841FE100BDA725 /* Project object */;
			proxyType = 1;
			remoteGlobalIDString = CED98BDB19841FE100BDA725;
			remoteInfo = AppTest;
		};
/* End PBXContainerItemProxy section */

/* Begin PBXFileReference section */
		CED98BDC19841FE200BDA725 /* AppTest.app */ = {isa = PBXFileReference; explicitFileType = wrapper.application; includeInIndex = 0; path = AppTest.app; sourceTree = BUILT_PRODUCTS_DIR; };
		CED98BDF19841FE200BDA725 /* Foundation.framework */ = {isa = PBXFileReference; lastKnownFileType = wrapper.framework; name = Foundation.framework; path = System/Library/Frameworks/Foundation.framework; sourceTree = SDKROOT; };
		CED98BE119841FE200BDA725 /* CoreGraphics.framework */ = {isa = PBXFileReference; lastKnownFileType = wrapper.framework; name = CoreGraphics.framework; path = System/Library/Frameworks/CoreGraphics.framework; sourceTree = SDKROOT; };
		CED98BE319841FE200BDA725 /* UIKit.framework */ = {isa = PBXFileReference; lastKnownFileType = wrapper.framework; name = UIKit.framework; path = System/Library/Frameworks/UIKit.framework; sourceTree = SDKROOT; };
		CED98BE719841FE200BDA725 /* AppTest-Info.plist */ = {isa = PBXFileReference; lastKnownFileType = text.plist.xml; path = "AppTest-Info.plist"; sourceTree = "<group>"; };
		CED98BE919841FE200BDA725 /* en */ = {isa = PBXFileReference; lastKnownFileType = text.plist.strings; name = en; path = en.lproj/InfoPlist.strings; sourceTree = "<group>"; };
		CED98BEB19841FE200BDA725 /* main.m */ = {isa = PBXFileReference; lastKnownFileType = sourcecode.c.objc; path = main.m; sourceTree = "<group>"; };
		CED98BED19841FE200BDA725 /* AppTest-Prefix.pch */ = {isa = PBXFileReference; lastKnownFileType = sourcecode.c.h; path = "AppTest-Prefix.pch"; sourceTree = "<group>"; };
		CED98BEE19841FE200BDA725 /* APAppDelegate.h */ = {isa = PBXFileReference; lastKnownFileType = sourcecode.c.h; path = APAppDelegate.h; sourceTree = "<group>"; };
		CED98BEF19841FE200BDA725 /* APAppDelegate.m */ = {isa = PBXFileReference; lastKnownFileType = sourcecode.c.objc; path = APAppDelegate.m; sourceTree = "<group>"; };
		CED98BF219841FE200BDA725 /* Base */ = {isa = PBXFileReference; lastKnownFileType = file.storyboard; name = Base; path = Base.lproj/Main.storyboard; sourceTree = "<group>"; };
		CED98BF419841FE200BDA725 /* APViewController.h */ = {isa = PBXFileReference; lastKnownFileType = sourcecode.c.h; path = APViewController.h; sourceTree = "<group>"; };
		CED98BF519841FE200BDA725 /* APViewController.m */ = {isa = PBXFileReference; lastKnownFileType = sourcecode.c.objc; path = APViewController.m; sourceTree = "<group>"; };
		CED98BF719841FE200BDA725 /* Images.xcassets */ = {isa = PBXFileReference; lastKnownFileType = folder.assetcatalog; path = Images.xcassets; sourceTree = "<group>"; };
		CED98BFD19841FE300BDA725 /* AppTestTests.xctest */ = {isa = PBXFileReference; explicitFileType = wrapper.cfbundle; includeInIndex = 0; path = AppTestTests.xctest; sourceTree = BUILT_PRODUCTS_DIR; };
		CED98BFE19841FE300BDA725 /* XCTest.framework */ = {isa = PBXFileReference; lastKnownFileType = wrapper.framework; name = XCTest.framework; path = Library/Frameworks/XCTest.framework; sourceTree = DEVELOPER_DIR; };
		CED98C0619841FE300BDA725 /* AppTestTests-Info.plist */ = {isa = PBXFileReference; lastKnownFileType = text.plist.xml; path = "AppTestTests-Info.plist"; sourceTree = "<group>"; };
		CED98C0819841FE300BDA725 /* en */ = {isa = PBXFileReference; lastKnownFileType = text.plist.strings; name = en; path = en.lproj/InfoPlist.strings; sourceTree = "<group>"; };
		CED98C0A19841FE400BDA725 /* AppTestTests.m */ = {isa = PBXFileReference; lastKnownFileType = sourcecode.c.objc; path = AppTestTests.m; sourceTree = "<group>"; };
		CED98C14198423F600BDA725 /* APMainMenuViewController.h */ = {isa = PBXFileReference; fileEncoding = 4; lastKnownFileType = sourcecode.c.h; path = APMainMenuViewController.h; sourceTree = "<group>"; };
		CED98C15198423F600BDA725 /* APMainMenuViewController.m */ = {isa = PBXFileReference; fileEncoding = 4; lastKnownFileType = sourcecode.c.objc; path = APMainMenuViewController.m; sourceTree = "<group>"; };
		CED98C171984241D00BDA725 /* APFacebookFriendsTableViewController.h */ = {isa = PBXFileReference; fileEncoding = 4; lastKnownFileType = sourcecode.c.h; path = APFacebookFriendsTableViewController.h; sourceTree = "<group>"; };
		CED98C181984241E00BDA725 /* APFacebookFriendsTableViewController.m */ = {isa = PBXFileReference; fileEncoding = 4; lastKnownFileType = sourcecode.c.objc; path = APFacebookFriendsTableViewController.m; sourceTree = "<group>"; };
		CED98C1A198433AC00BDA725 /* APServerPingViewController.h */ = {isa = PBXFileReference; fileEncoding = 4; lastKnownFileType = sourcecode.c.h; path = APServerPingViewController.h; sourceTree = "<group>"; };
		CED98C1B198433AC00BDA725 /* APServerPingViewController.m */ = {isa = PBXFileReference; fileEncoding = 4; lastKnownFileType = sourcecode.c.objc; path = APServerPingViewController.m; sourceTree = "<group>"; };
		CED98C1D198433D900BDA725 /* APAnimationTestViewController.h */ = {isa = PBXFileReference; fileEncoding = 4; lastKnownFileType = sourcecode.c.h; path = APAnimationTestViewController.h; sourceTree = "<group>"; };
		CED98C1E198433D900BDA725 /* APAnimationTestViewController.m */ = {isa = PBXFileReference; fileEncoding = 4; lastKnownFileType = sourcecode.c.objc; path = APAnimationTestViewController.m; sourceTree = "<group>"; };
/* End PBXFileReference section */

/* Begin PBXFrameworksBuildPhase section */
		CED98BD919841FE100BDA725 /* Frameworks */ = {
			isa = PBXFrameworksBuildPhase;
			buildActionMask = 2147483647;
			files = (
				CED98BE219841FE200BDA725 /* CoreGraphics.framework in Frameworks */,
				CED98BE419841FE200BDA725 /* UIKit.framework in Frameworks */,
				CED98BE019841FE200BDA725 /* Foundation.framework in Frameworks */,
			);
			runOnlyForDeploymentPostprocessing = 0;
		};
		CED98BFA19841FE300BDA725 /* Frameworks */ = {
			isa = PBXFrameworksBuildPhase;
			buildActionMask = 2147483647;
			files = (
				CED98BFF19841FE300BDA725 /* XCTest.framework in Frameworks */,
				CED98C0119841FE300BDA725 /* UIKit.framework in Frameworks */,
				CED98C0019841FE300BDA725 /* Foundation.framework in Frameworks */,
			);
			runOnlyForDeploymentPostprocessing = 0;
		};
/* End PBXFrameworksBuildPhase section */

/* Begin PBXGroup section */
		CED98BD319841FE100BDA725 = {
			isa = PBXGroup;
			children = (
				CED98BE519841FE200BDA725 /* AppTest */,
				CED98C0419841FE300BDA725 /* AppTestTests */,
				CED98BDE19841FE200BDA725 /* Frameworks */,
				CED98BDD19841FE200BDA725 /* Products */,
			);
			sourceTree = "<group>";
		};
		CED98BDD19841FE200BDA725 /* Products */ = {
			isa = PBXGroup;
			children = (
				CED98BDC19841FE200BDA725 /* AppTest.app */,
				CED98BFD19841FE300BDA725 /* AppTestTests.xctest */,
			);
			name = Products;
			sourceTree = "<group>";
		};
		CED98BDE19841FE200BDA725 /* Frameworks */ = {
			isa = PBXGroup;
			children = (
				CED98BDF19841FE200BDA725 /* Foundation.framework */,
				CED98BE119841FE200BDA725 /* CoreGraphics.framework */,
				CED98BE319841FE200BDA725 /* UIKit.framework */,
				CED98BFE19841FE300BDA725 /* XCTest.framework */,
			);
			name = Frameworks;
			sourceTree = "<group>";
		};
		CED98BE519841FE200BDA725 /* AppTest */ = {
			isa = PBXGroup;
			children = (
				CED98BEE19841FE200BDA725 /* APAppDelegate.h */,
				CED98BEF19841FE200BDA725 /* APAppDelegate.m */,
				CED98C1D198433D900BDA725 /* APAnimationTestViewController.h */,
				CED98C1E198433D900BDA725 /* APAnimationTestViewController.m */,
				CED98C171984241D00BDA725 /* APFacebookFriendsTableViewController.h */,
				CED98C181984241E00BDA725 /* APFacebookFriendsTableViewController.m */,
				CED98C14198423F600BDA725 /* APMainMenuViewController.h */,
				CED98C15198423F600BDA725 /* APMainMenuViewController.m */,
				CED98C1A198433AC00BDA725 /* APServerPingViewController.h */,
				CED98C1B198433AC00BDA725 /* APServerPingViewController.m */,
				CED98BF419841FE200BDA725 /* APViewController.h */,
				CED98BF519841FE200BDA725 /* APViewController.m */,
				CED98BF119841FE200BDA725 /* Main.storyboard */,
				CED98BF719841FE200BDA725 /* Images.xcassets */,
				CED98BE619841FE200BDA725 /* Supporting Files */,
			);
			path = AppTest;
			sourceTree = "<group>";
		};
		CED98BE619841FE200BDA725 /* Supporting Files */ = {
			isa = PBXGroup;
			children = (
				CED98BE719841FE200BDA725 /* AppTest-Info.plist */,
				CED98BE819841FE200BDA725 /* InfoPlist.strings */,
				CED98BEB19841FE200BDA725 /* main.m */,
				CED98BED19841FE200BDA725 /* AppTest-Prefix.pch */,
			);
			name = "Supporting Files";
			sourceTree = "<group>";
		};
		CED98C0419841FE300BDA725 /* AppTestTests */ = {
			isa = PBXGroup;
			children = (
				CED98C0A19841FE400BDA725 /* AppTestTests.m */,
				CED98C0519841FE300BDA725 /* Supporting Files */,
			);
			path = AppTestTests;
			sourceTree = "<group>";
		};
		CED98C0519841FE300BDA725 /* Supporting Files */ = {
			isa = PBXGroup;
			children = (
				CED98C0619841FE300BDA725 /* AppTestTests-Info.plist */,
				CED98C0719841FE300BDA725 /* InfoPlist.strings */,
			);
			name = "Supporting Files";
			sourceTree = "<group>";
		};
/* End PBXGroup section */

/* Begin PBXNativeTarget section */
		CED98BDB19841FE100BDA725 /* AppTest */ = {
			isa = PBXNativeTarget;
			buildConfigurationList = CED98C0E19841FE400BDA725 /* Build configuration list for PBXNativeTarget "AppTest" */;
			buildPhases = (
				CED98BD819841FE100BDA725 /* Sources */,
				CED98BD919841FE100BDA725 /* Frameworks */,
				CED98BDA19841FE100BDA725 /* Resources */,
			);
			buildRules = (
			);
			dependencies = (
			);
			name = AppTest;
			productName = AppTest;
			productReference = CED98BDC19841FE200BDA725 /* AppTest.app */;
			productType = "com.apple.product-type.application";
		};
		CED98BFC19841FE300BDA725 /* AppTestTests */ = {
			isa = PBXNativeTarget;
			buildConfigurationList = CED98C1119841FE400BDA725 /* Build configuration list for PBXNativeTarget "AppTestTests" */;
			buildPhases = (
				CED98BF919841FE300BDA725 /* Sources */,
				CED98BFA19841FE300BDA725 /* Frameworks */,
				CED98BFB19841FE300BDA725 /* Resources */,
			);
			buildRules = (
			);
			dependencies = (
				CED98C0319841FE300BDA725 /* PBXTargetDependency */,
			);
			name = AppTestTests;
			productName = AppTestTests;
			productReference = CED98BFD19841FE300BDA725 /* AppTestTests.xctest */;
			productType = "com.apple.product-type.bundle.unit-test";
		};
/* End PBXNativeTarget section */

/* Begin PBXProject section */
		CED98BD419841FE100BDA725 /* Project object */ = {
			isa = PBXProject;
			attributes = {
				CLASSPREFIX = AP;
				LastUpgradeCheck = 0510;
				ORGANIZATIONNAME = "___HARLANKELLAWAY___";
				TargetAttributes = {
					CED98BFC19841FE300BDA725 = {
						TestTargetID = CED98BDB19841FE100BDA725;
					};
				};
			};
			buildConfigurationList = CED98BD719841FE100BDA725 /* Build configuration list for PBXProject "AppTest" */;
			compatibilityVersion = "Xcode 3.2";
			developmentRegion = English;
			hasScannedForEncodings = 0;
			knownRegions = (
				en,
				Base,
			);
			mainGroup = CED98BD319841FE100BDA725;
			productRefGroup = CED98BDD19841FE200BDA725 /* Products */;
			projectDirPath = "";
			projectRoot = "";
			targets = (
				CED98BDB19841FE100BDA725 /* AppTest */,
				CED98BFC19841FE300BDA725 /* AppTestTests */,
			);
		};
/* End PBXProject section */

/* Begin PBXResourcesBuildPhase section */
		CED98BDA19841FE100BDA725 /* Resources */ = {
			isa = PBXResourcesBuildPhase;
			buildActionMask = 2147483647;
			files = (
				CED98BF819841FE200BDA725 /* Images.xcassets in Resources */,
				CED98BEA19841FE200BDA725 /* InfoPlist.strings in Resources */,
				CED98BF319841FE200BDA725 /* Main.storyboard in Resources */,
			);
			runOnlyForDeploymentPostprocessing = 0;
		};
		CED98BFB19841FE300BDA725 /* Resources */ = {
			isa = PBXResourcesBuildPhase;
			buildActionMask = 2147483647;
			files = (
				CED98C0919841FE300BDA725 /* InfoPlist.strings in Resources */,
			);
			runOnlyForDeploymentPostprocessing = 0;
		};
/* End PBXResourcesBuildPhase section */

/* Begin PBXSourcesBuildPhase section */
		CED98BD819841FE100BDA725 /* Sources */ = {
			isa = PBXSourcesBuildPhase;
			buildActionMask = 2147483647;
			files = (
				CED98BEC19841FE200BDA725 /* main.m in Sources */,
				CED98BF619841FE200BDA725 /* APViewController.m in Sources */,
				CED98C191984241E00BDA725 /* APFacebookFriendsTableViewController.m in Sources */,
				CED98C1F198433D900BDA725 /* APAnimationTestViewController.m in Sources */,
				CED98BF019841FE200BDA725 /* APAppDelegate.m in Sources */,
				CED98C1C198433AC00BDA725 /* APServerPingViewController.m in Sources */,
				CED98C16198423F600BDA725 /* APMainMenuViewController.m in Sources */,
			);
			runOnlyForDeploymentPostprocessing = 0;
		};
		CED98BF919841FE300BDA725 /* Sources */ = {
			isa = PBXSourcesBuildPhase;
			buildActionMask = 2147483647;
			files = (
				CED98C0B19841FE400BDA725 /* AppTestTests.m in Sources */,
			);
			runOnlyForDeploymentPostprocessing = 0;
		};
/* End PBXSourcesBuildPhase section */

/* Begin PBXTargetDependency section */
		CED98C0319841FE300BDA725 /* PBXTargetDependency */ = {
			isa = PBXTargetDependency;
			target = CED98BDB19841FE100BDA725 /* AppTest */;
			targetProxy = CED98C0219841FE300BDA725 /* PBXContainerItemProxy */;
		};
/* End PBXTargetDependency section */

/* Begin PBXVariantGroup section */
		CED98BE819841FE200BDA725 /* InfoPlist.strings */ = {
			isa = PBXVariantGroup;
			children = (
				CED98BE919841FE200BDA725 /* en */,
			);
			name = InfoPlist.strings;
			sourceTree = "<group>";
		};
		CED98BF119841FE200BDA725 /* Main.storyboard */ = {
			isa = PBXVariantGroup;
			children = (
				CED98BF219841FE200BDA725 /* Base */,
			);
			name = Main.storyboard;
			sourceTree = "<group>";
		};
		CED98C0719841FE300BDA725 /* InfoPlist.strings */ = {
			isa = PBXVariantGroup;
			children = (
				CED98C0819841FE300BDA725 /* en */,
			);
			name = InfoPlist.strings;
			sourceTree = "<group>";
		};
/* End PBXVariantGroup section */

/* Begin XCBuildConfiguration section */
		CED98C0C19841FE400BDA725 /* Debug */ = {
			isa = XCBuildConfiguration;
			buildSettings = {
				ALWAYS_SEARCH_USER_PATHS = NO;
				CLANG_CXX_LANGUAGE_STANDARD = "gnu++0x";
				CLANG_CXX_LIBRARY = "libc++";
				CLANG_ENABLE_MODULES = YES;
				CLANG_ENABLE_OBJC_ARC = YES;
				CLANG_WARN_BOOL_CONVERSION = YES;
				CLANG_WARN_CONSTANT_CONVERSION = YES;
				CLANG_WARN_DIRECT_OBJC_ISA_USAGE = YES_ERROR;
				CLANG_WARN_EMPTY_BODY = YES;
				CLANG_WARN_ENUM_CONVERSION = YES;
				CLANG_WARN_INT_CONVERSION = YES;
				CLANG_WARN_OBJC_ROOT_CLASS = YES_ERROR;
				CLANG_WARN__DUPLICATE_METHOD_MATCH = YES;
				"CODE_SIGN_IDENTITY[sdk=iphoneos*]" = "iPhone Developer";
				COPY_PHASE_STRIP = NO;
				GCC_C_LANGUAGE_STANDARD = gnu99;
				GCC_DYNAMIC_NO_PIC = NO;
				GCC_OPTIMIZATION_LEVEL = 0;
				GCC_PREPROCESSOR_DEFINITIONS = (
					"DEBUG=1",
					"$(inherited)",
				);
				GCC_SYMBOLS_PRIVATE_EXTERN = NO;
				GCC_WARN_64_TO_32_BIT_CONVERSION = YES;
				GCC_WARN_ABOUT_RETURN_TYPE = YES_ERROR;
				GCC_WARN_UNDECLARED_SELECTOR = YES;
				GCC_WARN_UNINITIALIZED_AUTOS = YES_AGGRESSIVE;
				GCC_WARN_UNUSED_FUNCTION = YES;
				GCC_WARN_UNUSED_VARIABLE = YES;
				IPHONEOS_DEPLOYMENT_TARGET = 7.1;
				ONLY_ACTIVE_ARCH = YES;
				SDKROOT = iphoneos;
			};
			name = Debug;
		};
		CED98C0D19841FE400BDA725 /* Release */ = {
			isa = XCBuildConfiguration;
			buildSettings = {
				ALWAYS_SEARCH_USER_PATHS = NO;
				CLANG_CXX_LANGUAGE_STANDARD = "gnu++0x";
				CLANG_CXX_LIBRARY = "libc++";
				CLANG_ENABLE_MODULES = YES;
				CLANG_ENABLE_OBJC_ARC = YES;
				CLANG_WARN_BOOL_CONVERSION = YES;
				CLANG_WARN_CONSTANT_CONVERSION = YES;
				CLANG_WARN_DIRECT_OBJC_ISA_USAGE = YES_ERROR;
				CLANG_WARN_EMPTY_BODY = YES;
				CLANG_WARN_ENUM_CONVERSION = YES;
				CLANG_WARN_INT_CONVERSION = YES;
				CLANG_WARN_OBJC_ROOT_CLASS = YES_ERROR;
				CLANG_WARN__DUPLICATE_METHOD_MATCH = YES;
				"CODE_SIGN_IDENTITY[sdk=iphoneos*]" = "iPhone Developer";
				COPY_PHASE_STRIP = YES;
				ENABLE_NS_ASSERTIONS = NO;
				GCC_C_LANGUAGE_STANDARD = gnu99;
				GCC_WARN_64_TO_32_BIT_CONVERSION = YES;
				GCC_WARN_ABOUT_RETURN_TYPE = YES_ERROR;
				GCC_WARN_UNDECLARED_SELECTOR = YES;
				GCC_WARN_UNINITIALIZED_AUTOS = YES_AGGRESSIVE;
				GCC_WARN_UNUSED_FUNCTION = YES;
				GCC_WARN_UNUSED_VARIABLE = YES;
				IPHONEOS_DEPLOYMENT_TARGET = 7.1;
				SDKROOT = iphoneos;
				VALIDATE_PRODUCT = YES;
			};
			name = Release;
		};
		CED98C0F19841FE400BDA725 /* Debug */ = {
			isa = XCBuildConfiguration;
			buildSettings = {
				ASSETCATALOG_COMPILER_APPICON_NAME = AppIcon;
				ASSETCATALOG_COMPILER_LAUNCHIMAGE_NAME = LaunchImage;
				GCC_PRECOMPILE_PREFIX_HEADER = YES;
				GCC_PREFIX_HEADER = "AppTest/AppTest-Prefix.pch";
				INFOPLIST_FILE = "AppTest/AppTest-Info.plist";
				PRODUCT_NAME = "$(TARGET_NAME)";
				WRAPPER_EXTENSION = app;
			};
			name = Debug;
		};
		CED98C1019841FE400BDA725 /* Release */ = {
			isa = XCBuildConfiguration;
			buildSettings = {
				ASSETCATALOG_COMPILER_APPICON_NAME = AppIcon;
				ASSETCATALOG_COMPILER_LAUNCHIMAGE_NAME = LaunchImage;
				GCC_PRECOMPILE_PREFIX_HEADER = YES;
				GCC_PREFIX_HEADER = "AppTest/AppTest-Prefix.pch";
				INFOPLIST_FILE = "AppTest/AppTest-Info.plist";
				PRODUCT_NAME = "$(TARGET_NAME)";
				WRAPPER_EXTENSION = app;
			};
			name = Release;
		};
		CED98C1219841FE400BDA725 /* Debug */ = {
			isa = XCBuildConfiguration;
			buildSettings = {
				BUNDLE_LOADER = "$(BUILT_PRODUCTS_DIR)/AppTest.app/AppTest";
				FRAMEWORK_SEARCH_PATHS = (
					"$(SDKROOT)/Developer/Library/Frameworks",
					"$(inherited)",
					"$(DEVELOPER_FRAMEWORKS_DIR)",
				);
				GCC_PRECOMPILE_PREFIX_HEADER = YES;
				GCC_PREFIX_HEADER = "AppTest/AppTest-Prefix.pch";
				GCC_PREPROCESSOR_DEFINITIONS = (
					"DEBUG=1",
					"$(inherited)",
				);
				INFOPLIST_FILE = "AppTestTests/AppTestTests-Info.plist";
				PRODUCT_NAME = "$(TARGET_NAME)";
				TEST_HOST = "$(BUNDLE_LOADER)";
				WRAPPER_EXTENSION = xctest;
			};
			name = Debug;
		};
		CED98C1319841FE400BDA725 /* Release */ = {
			isa = XCBuildConfiguration;
			buildSettings = {
				BUNDLE_LOADER = "$(BUILT_PRODUCTS_DIR)/AppTest.app/AppTest";
				FRAMEWORK_SEARCH_PATHS = (
					"$(SDKROOT)/Developer/Library/Frameworks",
					"$(inherited)",
					"$(DEVELOPER_FRAMEWORKS_DIR)",
				);
				GCC_PRECOMPILE_PREFIX_HEADER = YES;
				GCC_PREFIX_HEADER = "AppTest/AppTest-Prefix.pch";
				INFOPLIST_FILE = "AppTestTests/AppTestTests-Info.plist";
				PRODUCT_NAME = "$(TARGET_NAME)";
				TEST_HOST = "$(BUNDLE_LOADER)";
				WRAPPER_EXTENSION = xctest;
			};
			name = Release;
		};
/* End XCBuildConfiguration section */

/* Begin XCConfigurationList section */
		CED98BD719841FE100BDA725 /* Build configuration list for PBXProject "AppTest" */ = {
			isa = XCConfigurationList;
			buildConfigurations = (
				CED98C0C19841FE400BDA725 /* Debug */,
				CED98C0D19841FE400BDA725 /* Release */,
			);
			defaultConfigurationIsVisible = 0;
			defaultConfigurationName = Release;
		};
		CED98C0E19841FE400BDA725 /* Build configuration list for PBXNativeTarget "AppTest" */ = {
			isa = XCConfigurationList;
			buildConfigurations = (
				CED98C0F19841FE400BDA725 /* Debug */,
				CED98C1019841FE400BDA725 /* Release */,
			);
			defaultConfigurationIsVisible = 0;
		};
		CED98C1119841FE400BDA725 /* Build configuration list for PBXNativeTarget "AppTestTests" */ = {
			isa = XCConfigurationList;
			buildConfigurations = (
				CED98C1219841FE400BDA725 /* Debug */,
				CED98C1319841FE400BDA725 /* Release */,
			);
			defaultConfigurationIsVisible = 0;
		};
/* End XCConfigurationList section */
	};
	rootObject = CED98BD419841FE100BDA725 /* Project object */;
}
